
Microsoft Visual Studio Solution File, Format Version 12.00
# Visual Studio Version 17
VisualStudioVersion = 17.9.34622.214
MinimumVisualStudioVersion = 10.0.40219.1
Project("{FAE04EC0-301F-11D3-BF4B-00C04F79EFBC}") = "Marcher", "Marcher\Marcher.csproj", "{AAE0539A-30F2-447C-B777-F3EC43371C34}"
EndProject
Global
	GlobalSection(SolutionConfigurationPlatforms) = preSolution
		Debug|Any CPU = Debug|Any CPU
		Release|Any CPU = Release|Any CPU
	EndGlobalSection
	GlobalSection(ProjectConfigurationPlatforms) = postSolution
		{AAE0539A-30F2-447C-B777-F3EC43371C34}.Debug|Any CPU.ActiveCfg = Debug|Any CPU
		{AAE0539A-30F2-447C-B777-F3EC43371C34}.Debug|Any CPU.Build.0 = Debug|Any CPU
		{AAE0539A-30F2-447C-B777-F3EC43371C34}.Release|Any CPU.ActiveCfg = Release|Any CPU
		{AAE0539A-30F2-447C-B777-F3EC43371C34}.Release|Any CPU.Build.0 = Release|Any CPU
	EndGlobalSection
	GlobalSection(SolutionProperties) = preSolution
		HideSolutionNode = FALSE
	EndGlobalSection
	GlobalSection(ExtensibilityGlobals) = postSolution
		SolutionGuid = {1A341AF4-1F6B-4845-8887-E1F43C37B801}
	EndGlobalSection
EndGlobal
